
Microsoft Visual Studio Solution File, Format Version 12.00
# Visual Studio 2012
Project("{FAE04EC0-301F-11D3-BF4B-00C04F79EFBC}") = "Our.Umbraco.OEmbedPicker", "Src\Our.Umbraco.OEmbedPicker\Our.Umbraco.OEmbedPicker.csproj", "{90A25E2D-7D67-4D3C-AA6E-4E67D4A448D7}"
EndProject
Global
	GlobalSection(SolutionConfigurationPlatforms) = preSolution
		Debug|Any CPU = Debug|Any CPU
		Release|Any CPU = Release|Any CPU
	EndGlobalSection
	GlobalSection(ProjectConfigurationPlatforms) = postSolution
		{90A25E2D-7D67-4D3C-AA6E-4E67D4A448D7}.Debug|Any CPU.ActiveCfg = Debug|Any CPU
		{90A25E2D-7D67-4D3C-AA6E-4E67D4A448D7}.Debug|Any CPU.Build.0 = Debug|Any CPU
		{90A25E2D-7D67-4D3C-AA6E-4E67D4A448D7}.Release|Any CPU.ActiveCfg = Release|Any CPU
		{90A25E2D-7D67-4D3C-AA6E-4E67D4A448D7}.Release|Any CPU.Build.0 = Release|Any CPU
	EndGlobalSection
	GlobalSection(SolutionProperties) = preSolution
		HideSolutionNode = FALSE
	EndGlobalSection
EndGlobal
